
Microsoft Visual Studio Solution File, Format Version 12.00
# Visual Studio 15
VisualStudioVersion = 15.0.25807.0
MinimumVisualStudioVersion = 10.0.40219.1
Project("{2150E333-8FDC-42A3-9474-1A3956D46DE8}") = "Engine", "Engine", "{C6D7B1F9-AF87-44DC-A759-DF943FA3BD76}"
EndProject
Project("{2150E333-8FDC-42A3-9474-1A3956D46DE8}") = "Enterprise", "Enterprise", "{78ADA597-E7D8-42B8-BA64-408904EB2C70}"
EndProject
Project("{2150E333-8FDC-42A3-9474-1A3956D46DE8}") = "Games", "Games", "{8FD023B2-EEB3-49F0-ABA1-400EAAC97223}"
EndProject
Project("{8BC9CEB8-8B4A-11D0-8D11-00A0C91BC942}") = "UE4", "Intermediate\ProjectFiles\UE4.vcxproj", "{65F45DA6-5083-4440-8A67-F5020F2D4C66}"
EndProject
Project("{8BC9CEB8-8B4A-11D0-8D11-00A0C91BC942}") = "Studio", "Intermediate\ProjectFiles\Studio.vcxproj", "{B631BAE1-814D-43C8-8E0B-EEC4870D5290}"
EndProject
Project("{8BC9CEB8-8B4A-11D0-8D11-00A0C91BC942}") = "ArenaBattle", "Intermediate\ProjectFiles\ArenaBattle.vcxproj", "{E7AF8D7C-A2E0-486E-9322-E9ADFB9EB840}"
EndProject
Global
	GlobalSection(SolutionConfigurationPlatforms) = preSolution
		DebugGame Editor|HTML5 = DebugGame Editor|HTML5
		DebugGame Editor|Win32 = DebugGame Editor|Win32
		DebugGame Editor|Win64 = DebugGame Editor|Win64
		DebugGame|HTML5 = DebugGame|HTML5
		DebugGame|Win32 = DebugGame|Win32
		DebugGame|Win64 = DebugGame|Win64
		Development Editor|HTML5 = Development Editor|HTML5
		Development Editor|Win32 = Development Editor|Win32
		Development Editor|Win64 = Development Editor|Win64
		Development|HTML5 = Development|HTML5
		Development|Win32 = Development|Win32
		Development|Win64 = Development|Win64
		Shipping|HTML5 = Shipping|HTML5
		Shipping|Win32 = Shipping|Win32
		Shipping|Win64 = Shipping|Win64
	EndGlobalSection
	GlobalSection(ProjectConfigurationPlatforms) = postSolution
		{65F45DA6-5083-4440-8A67-F5020F2D4C66}.DebugGame Editor|HTML5.ActiveCfg = BuiltWithUnrealBuildTool|Win32
		{65F45DA6-5083-4440-8A67-F5020F2D4C66}.DebugGame Editor|HTML5.Build.0 = BuiltWithUnrealBuildTool|Win32
		{65F45DA6-5083-4440-8A67-F5020F2D4C66}.DebugGame Editor|Win32.ActiveCfg = BuiltWithUnrealBuildTool|Win32
		{65F45DA6-5083-4440-8A67-F5020F2D4C66}.DebugGame Editor|Win32.Build.0 = BuiltWithUnrealBuildTool|Win32
		{65F45DA6-5083-4440-8A67-F5020F2D4C66}.DebugGame Editor|Win64.ActiveCfg = BuiltWithUnrealBuildTool|Win32
		{65F45DA6-5083-4440-8A67-F5020F2D4C66}.DebugGame Editor|Win64.Build.0 = BuiltWithUnrealBuildTool|Win32
		{65F45DA6-5083-4440-8A67-F5020F2D4C66}.DebugGame|HTML5.ActiveCfg = BuiltWithUnrealBuildTool|Win32
		{65F45DA6-5083-4440-8A67-F5020F2D4C66}.DebugGame|HTML5.Build.0 = BuiltWithUnrealBuildTool|Win32
		{65F45DA6-5083-4440-8A67-F5020F2D4C66}.DebugGame|Win32.ActiveCfg = BuiltWithUnrealBuildTool|Win32
		{65F45DA6-5083-4440-8A67-F5020F2D4C66}.DebugGame|Win32.Build.0 = BuiltWithUnrealBuildTool|Win32
		{65F45DA6-5083-4440-8A67-F5020F2D4C66}.DebugGame|Win64.ActiveCfg = BuiltWithUnrealBuildTool|Win32
		{65F45DA6-5083-4440-8A67-F5020F2D4C66}.DebugGame|Win64.Build.0 = BuiltWithUnrealBuildTool|Win32
		{65F45DA6-5083-4440-8A67-F5020F2D4C66}.Development Editor|HTML5.ActiveCfg = BuiltWithUnrealBuildTool|Win32
		{65F45DA6-5083-4440-8A67-F5020F2D4C66}.Development Editor|HTML5.Build.0 = BuiltWithUnrealBuildTool|Win32
		{65F45DA6-5083-4440-8A67-F5020F2D4C66}.Development Editor|Win32.ActiveCfg = BuiltWithUnrealBuildTool|Win32
		{65F45DA6-5083-4440-8A67-F5020F2D4C66}.Development Editor|Win32.Build.0 = BuiltWithUnrealBuildTool|Win32
		{65F45DA6-5083-4440-8A67-F5020F2D4C66}.Development Editor|Win64.ActiveCfg = BuiltWithUnrealBuildTool|Win32
		{65F45DA6-5083-4440-8A67-F5020F2D4C66}.Development Editor|Win64.Build.0 = BuiltWithUnrealBuildTool|Win32
		{65F45DA6-5083-4440-8A67-F5020F2D4C66}.Development|HTML5.ActiveCfg = BuiltWithUnrealBuildTool|Win32
		{65F45DA6-5083-4440-8A67-F5020F2D4C66}.Development|HTML5.Build.0 = BuiltWithUnrealBuildTool|Win32
		{65F45DA6-5083-4440-8A67-F5020F2D4C66}.Development|Win32.ActiveCfg = BuiltWithUnrealBuildTool|Win32
		{65F45DA6-5083-4440-8A67-F5020F2D4C66}.Development|Win32.Build.0 = BuiltWithUnrealBuildTool|Win32
		{65F45DA6-5083-4440-8A67-F5020F2D4C66}.Development|Win64.ActiveCfg = BuiltWithUnrealBuildTool|Win32
		{65F45DA6-5083-4440-8A67-F5020F2D4C66}.Development|Win64.Build.0 = BuiltWithUnrealBuildTool|Win32
		{65F45DA6-5083-4440-8A67-F5020F2D4C66}.Shipping|HTML5.ActiveCfg = BuiltWithUnrealBuildTool|Win32
		{65F45DA6-5083-4440-8A67-F5020F2D4C66}.Shipping|HTML5.Build.0 = BuiltWithUnrealBuildTool|Win32
		{65F45DA6-5083-4440-8A67-F5020F2D4C66}.Shipping|Win32.ActiveCfg = BuiltWithUnrealBuildTool|Win32
		{65F45DA6-5083-4440-8A67-F5020F2D4C66}.Shipping|Win32.Build.0 = BuiltWithUnrealBuildTool|Win32
		{65F45DA6-5083-4440-8A67-F5020F2D4C66}.Shipping|Win64.ActiveCfg = BuiltWithUnrealBuildTool|Win32
		{65F45DA6-5083-4440-8A67-F5020F2D4C66}.Shipping|Win64.Build.0 = BuiltWithUnrealBuildTool|Win32
		{B631BAE1-814D-43C8-8E0B-EEC4870D5290}.DebugGame Editor|HTML5.ActiveCfg = BuiltWithUnrealBuildTool|Win32
		{B631BAE1-814D-43C8-8E0B-EEC4870D5290}.DebugGame Editor|HTML5.Build.0 = BuiltWithUnrealBuildTool|Win32
		{B631BAE1-814D-43C8-8E0B-EEC4870D5290}.DebugGame Editor|Win32.ActiveCfg = BuiltWithUnrealBuildTool|Win32
		{B631BAE1-814D-43C8-8E0B-EEC4870D5290}.DebugGame Editor|Win32.Build.0 = BuiltWithUnrealBuildTool|Win32
		{B631BAE1-814D-43C8-8E0B-EEC4870D5290}.DebugGame Editor|Win64.ActiveCfg = BuiltWithUnrealBuildTool|Win32
		{B631BAE1-814D-43C8-8E0B-EEC4870D5290}.DebugGame Editor|Win64.Build.0 = BuiltWithUnrealBuildTool|Win32
		{B631BAE1-814D-43C8-8E0B-EEC4870D5290}.DebugGame|HTML5.ActiveCfg = BuiltWithUnrealBuildTool|Win32
		{B631BAE1-814D-43C8-8E0B-EEC4870D5290}.DebugGame|HTML5.Build.0 = BuiltWithUnrealBuildTool|Win32
		{B631BAE1-814D-43C8-8E0B-EEC4870D5290}.DebugGame|Win32.ActiveCfg = BuiltWithUnrealBuildTool|Win32
		{B631BAE1-814D-43C8-8E0B-EEC4870D5290}.DebugGame|Win32.Build.0 = BuiltWithUnrealBuildTool|Win32
		{B631BAE1-814D-43C8-8E0B-EEC4870D5290}.DebugGame|Win64.ActiveCfg = BuiltWithUnrealBuildTool|Win32
		{B631BAE1-814D-43C8-8E0B-EEC4870D5290}.DebugGame|Win64.Build.0 = BuiltWithUnrealBuildTool|Win32
		{B631BAE1-814D-43C8-8E0B-EEC4870D5290}.Development Editor|HTML5.ActiveCfg = BuiltWithUnrealBuildTool|Win32
		{B631BAE1-814D-43C8-8E0B-EEC4870D5290}.Development Editor|HTML5.Build.0 = BuiltWithUnrealBuildTool|Win32
		{B631BAE1-814D-43C8-8E0B-EEC4870D5290}.Development Editor|Win32.ActiveCfg = BuiltWithUnrealBuildTool|Win32
		{B631BAE1-814D-43C8-8E0B-EEC4870D5290}.Development Editor|Win32.Build.0 = BuiltWithUnrealBuildTool|Win32
		{B631BAE1-814D-43C8-8E0B-EEC4870D5290}.Development Editor|Win64.ActiveCfg = BuiltWithUnrealBuildTool|Win32
		{B631BAE1-814D-43C8-8E0B-EEC4870D5290}.Development Editor|Win64.Build.0 = BuiltWithUnrealBuildTool|Win32
		{B631BAE1-814D-43C8-8E0B-EEC4870D5290}.Development|HTML5.ActiveCfg = BuiltWithUnrealBuildTool|Win32
		{B631BAE1-814D-43C8-8E0B-EEC4870D5290}.Development|HTML5.Build.0 = BuiltWithUnrealBuildTool|Win32
		{B631BAE1-814D-43C8-8E0B-EEC4870D5290}.Development|Win32.ActiveCfg = BuiltWithUnrealBuildTool|Win32
		{B631BAE1-814D-43C8-8E0B-EEC4870D5290}.Development|Win32.Build.0 = BuiltWithUnrealBuildTool|Win32
		{B631BAE1-814D-43C8-8E0B-EEC4870D5290}.Development|Win64.ActiveCfg = BuiltWithUnrealBuildTool|Win32
		{B631BAE1-814D-43C8-8E0B-EEC4870D5290}.Development|Win64.Build.0 = BuiltWithUnrealBuildTool|Win32
		{B631BAE1-814D-43C8-8E0B-EEC4870D5290}.Shipping|HTML5.ActiveCfg = BuiltWithUnrealBuildTool|Win32
		{B631BAE1-814D-43C8-8E0B-EEC4870D5290}.Shipping|HTML5.Build.0 = BuiltWithUnrealBuildTool|Win32
		{B631BAE1-814D-43C8-8E0B-EEC4870D5290}.Shipping|Win32.ActiveCfg = BuiltWithUnrealBuildTool|Win32
		{B631BAE1-814D-43C8-8E0B-EEC4870D5290}.Shipping|Win32.Build.0 = BuiltWithUnrealBuildTool|Win32
		{B631BAE1-814D-43C8-8E0B-EEC4870D5290}.Shipping|Win64.ActiveCfg = BuiltWithUnrealBuildTool|Win32
		{B631BAE1-814D-43C8-8E0B-EEC4870D5290}.Shipping|Win64.Build.0 = BuiltWithUnrealBuildTool|Win32
		{E7AF8D7C-A2E0-486E-9322-E9ADFB9EB840}.DebugGame Editor|HTML5.ActiveCfg = HTML5_DebugGame_Editor|Win32
		{E7AF8D7C-A2E0-486E-9322-E9ADFB9EB840}.DebugGame Editor|Win32.ActiveCfg = DebugGame_Editor|Win32
		{E7AF8D7C-A2E0-486E-9322-E9ADFB9EB840}.DebugGame Editor|Win64.ActiveCfg = DebugGame_Editor|x64
		{E7AF8D7C-A2E0-486E-9322-E9ADFB9EB840}.DebugGame Editor|Win64.Build.0 = DebugGame_Editor|x64
		{E7AF8D7C-A2E0-486E-9322-E9ADFB9EB840}.DebugGame|HTML5.ActiveCfg = HTML5_DebugGame_Game|Win32
		{E7AF8D7C-A2E0-486E-9322-E9ADFB9EB840}.DebugGame|HTML5.Build.0 = HTML5_DebugGame_Game|Win32
		{E7AF8D7C-A2E0-486E-9322-E9ADFB9EB840}.DebugGame|Win32.ActiveCfg = DebugGame_Game|Win32
		{E7AF8D7C-A2E0-486E-9322-E9ADFB9EB840}.DebugGame|Win32.Build.0 = DebugGame_Game|Win32
		{E7AF8D7C-A2E0-486E-9322-E9ADFB9EB840}.DebugGame|Win64.ActiveCfg = DebugGame_Game|x64
		{E7AF8D7C-A2E0-486E-9322-E9ADFB9EB840}.DebugGame|Win64.Build.0 = DebugGame_Game|x64
		{E7AF8D7C-A2E0-486E-9322-E9ADFB9EB840}.Development Editor|HTML5.ActiveCfg = HTML5_Development_Editor|Win32
		{E7AF8D7C-A2E0-486E-9322-E9ADFB9EB840}.Development Editor|Win32.ActiveCfg = Development_Editor|Win32
		{E7AF8D7C-A2E0-486E-9322-E9ADFB9EB840}.Development Editor|Win64.ActiveCfg = Development_Editor|x64
		{E7AF8D7C-A2E0-486E-9322-E9ADFB9EB840}.Development Editor|Win64.Build.0 = Development_Editor|x64
		{E7AF8D7C-A2E0-486E-9322-E9ADFB9EB840}.Development|HTML5.ActiveCfg = HTML5_Development_Game|Win32
		{E7AF8D7C-A2E0-486E-9322-E9ADFB9EB840}.Development|HTML5.Build.0 = HTML5_Development_Game|Win32
		{E7AF8D7C-A2E0-486E-9322-E9ADFB9EB840}.Development|Win32.ActiveCfg = Development_Game|Win32
		{E7AF8D7C-A2E0-486E-9322-E9ADFB9EB840}.Development|Win32.Build.0 = Development_Game|Win32
		{E7AF8D7C-A2E0-486E-9322-E9ADFB9EB840}.Development|Win64.ActiveCfg = Development_Game|x64
		{E7AF8D7C-A2E0-486E-9322-E9ADFB9EB840}.Development|Win64.Build.0 = Development_Game|x64
		{E7AF8D7C-A2E0-486E-9322-E9ADFB9EB840}.Shipping|HTML5.ActiveCfg = HTML5_Shipping_Game|Win32
		{E7AF8D7C-A2E0-486E-9322-E9ADFB9EB840}.Shipping|HTML5.Build.0 = HTML5_Shipping_Game|Win32
		{E7AF8D7C-A2E0-486E-9322-E9ADFB9EB840}.Shipping|Win32.ActiveCfg = Shipping_Game|Win32
		{E7AF8D7C-A2E0-486E-9322-E9ADFB9EB840}.Shipping|Win32.Build.0 = Shipping_Game|Win32
		{E7AF8D7C-A2E0-486E-9322-E9ADFB9EB840}.Shipping|Win64.ActiveCfg = Shipping_Game|x64
		{E7AF8D7C-A2E0-486E-9322-E9ADFB9EB840}.Shipping|Win64.Build.0 = Shipping_Game|x64
	EndGlobalSection
	GlobalSection(SolutionProperties) = preSolution
		HideSolutionNode = FALSE
	EndGlobalSection
	GlobalSection(NestedProjects) = preSolution
		{65F45DA6-5083-4440-8A67-F5020F2D4C66} = {C6D7B1F9-AF87-44DC-A759-DF943FA3BD76}
		{B631BAE1-814D-43C8-8E0B-EEC4870D5290} = {78ADA597-E7D8-42B8-BA64-408904EB2C70}
		{E7AF8D7C-A2E0-486E-9322-E9ADFB9EB840} = {8FD023B2-EEB3-49F0-ABA1-400EAAC97223}
	EndGlobalSection
	GlobalSection(ExtensibilityGlobals) = postSolution
		SolutionGuid = {3EEE103C-B92F-4067-A1D3-1E279DA855C1}
	EndGlobalSection
EndGlobal
