
Microsoft Visual Studio Solution File, Format Version 12.00
# Visual Studio 15
VisualStudioVersion = 15.0.25807.0
MinimumVisualStudioVersion = 10.0.40219.1
Project("{2150E333-8FDC-42A3-9474-1A3956D46DE8}") = "Engine", "Engine", "{02DA5908-012B-40F4-92BA-0EA02C20F28E}"
EndProject
Project("{2150E333-8FDC-42A3-9474-1A3956D46DE8}") = "Enterprise", "Enterprise", "{AA3BE837-7BA1-482A-AB2D-8BBFA9C2BD1A}"
EndProject
Project("{2150E333-8FDC-42A3-9474-1A3956D46DE8}") = "Games", "Games", "{1748400C-8BF2-4EC3-94DE-1338BD138F35}"
EndProject
Project("{8BC9CEB8-8B4A-11D0-8D11-00A0C91BC942}") = "UE4", "Intermediate\ProjectFiles\UE4.vcxproj", "{A914D8DA-06FA-414E-966D-2142A97BFAAE}"
EndProject
Project("{8BC9CEB8-8B4A-11D0-8D11-00A0C91BC942}") = "Studio", "Intermediate\ProjectFiles\Studio.vcxproj", "{4367C46C-D95E-4A7E-8C10-D5F7EACA8795}"
EndProject
Project("{8BC9CEB8-8B4A-11D0-8D11-00A0C91BC942}") = "ArenaBattle", "Intermediate\ProjectFiles\ArenaBattle.vcxproj", "{64FCA950-8152-477F-866F-9B5D9CAFB900}"
EndProject
Global
	GlobalSection(SolutionConfigurationPlatforms) = preSolution
		DebugGame Editor|HTML5 = DebugGame Editor|HTML5
		DebugGame Editor|Win32 = DebugGame Editor|Win32
		DebugGame Editor|Win64 = DebugGame Editor|Win64
		DebugGame|HTML5 = DebugGame|HTML5
		DebugGame|Win32 = DebugGame|Win32
		DebugGame|Win64 = DebugGame|Win64
		Development Editor|HTML5 = Development Editor|HTML5
		Development Editor|Win32 = Development Editor|Win32
		Development Editor|Win64 = Development Editor|Win64
		Development|HTML5 = Development|HTML5
		Development|Win32 = Development|Win32
		Development|Win64 = Development|Win64
		Shipping|HTML5 = Shipping|HTML5
		Shipping|Win32 = Shipping|Win32
		Shipping|Win64 = Shipping|Win64
	EndGlobalSection
	GlobalSection(ProjectConfigurationPlatforms) = postSolution
		{A914D8DA-06FA-414E-966D-2142A97BFAAE}.DebugGame Editor|HTML5.ActiveCfg = BuiltWithUnrealBuildTool|Win32
		{A914D8DA-06FA-414E-966D-2142A97BFAAE}.DebugGame Editor|HTML5.Build.0 = BuiltWithUnrealBuildTool|Win32
		{A914D8DA-06FA-414E-966D-2142A97BFAAE}.DebugGame Editor|Win32.ActiveCfg = BuiltWithUnrealBuildTool|Win32
		{A914D8DA-06FA-414E-966D-2142A97BFAAE}.DebugGame Editor|Win32.Build.0 = BuiltWithUnrealBuildTool|Win32
		{A914D8DA-06FA-414E-966D-2142A97BFAAE}.DebugGame Editor|Win64.ActiveCfg = BuiltWithUnrealBuildTool|Win32
		{A914D8DA-06FA-414E-966D-2142A97BFAAE}.DebugGame Editor|Win64.Build.0 = BuiltWithUnrealBuildTool|Win32
		{A914D8DA-06FA-414E-966D-2142A97BFAAE}.DebugGame|HTML5.ActiveCfg = BuiltWithUnrealBuildTool|Win32
		{A914D8DA-06FA-414E-966D-2142A97BFAAE}.DebugGame|HTML5.Build.0 = BuiltWithUnrealBuildTool|Win32
		{A914D8DA-06FA-414E-966D-2142A97BFAAE}.DebugGame|Win32.ActiveCfg = BuiltWithUnrealBuildTool|Win32
		{A914D8DA-06FA-414E-966D-2142A97BFAAE}.DebugGame|Win32.Build.0 = BuiltWithUnrealBuildTool|Win32
		{A914D8DA-06FA-414E-966D-2142A97BFAAE}.DebugGame|Win64.ActiveCfg = BuiltWithUnrealBuildTool|Win32
		{A914D8DA-06FA-414E-966D-2142A97BFAAE}.DebugGame|Win64.Build.0 = BuiltWithUnrealBuildTool|Win32
		{A914D8DA-06FA-414E-966D-2142A97BFAAE}.Development Editor|HTML5.ActiveCfg = BuiltWithUnrealBuildTool|Win32
		{A914D8DA-06FA-414E-966D-2142A97BFAAE}.Development Editor|HTML5.Build.0 = BuiltWithUnrealBuildTool|Win32
		{A914D8DA-06FA-414E-966D-2142A97BFAAE}.Development Editor|Win32.ActiveCfg = BuiltWithUnrealBuildTool|Win32
		{A914D8DA-06FA-414E-966D-2142A97BFAAE}.Development Editor|Win32.Build.0 = BuiltWithUnrealBuildTool|Win32
		{A914D8DA-06FA-414E-966D-2142A97BFAAE}.Development Editor|Win64.ActiveCfg = BuiltWithUnrealBuildTool|Win32
		{A914D8DA-06FA-414E-966D-2142A97BFAAE}.Development Editor|Win64.Build.0 = BuiltWithUnrealBuildTool|Win32
		{A914D8DA-06FA-414E-966D-2142A97BFAAE}.Development|HTML5.ActiveCfg = BuiltWithUnrealBuildTool|Win32
		{A914D8DA-06FA-414E-966D-2142A97BFAAE}.Development|HTML5.Build.0 = BuiltWithUnrealBuildTool|Win32
		{A914D8DA-06FA-414E-966D-2142A97BFAAE}.Development|Win32.ActiveCfg = BuiltWithUnrealBuildTool|Win32
		{A914D8DA-06FA-414E-966D-2142A97BFAAE}.Development|Win32.Build.0 = BuiltWithUnrealBuildTool|Win32
		{A914D8DA-06FA-414E-966D-2142A97BFAAE}.Development|Win64.ActiveCfg = BuiltWithUnrealBuildTool|Win32
		{A914D8DA-06FA-414E-966D-2142A97BFAAE}.Development|Win64.Build.0 = BuiltWithUnrealBuildTool|Win32
		{A914D8DA-06FA-414E-966D-2142A97BFAAE}.Shipping|HTML5.ActiveCfg = BuiltWithUnrealBuildTool|Win32
		{A914D8DA-06FA-414E-966D-2142A97BFAAE}.Shipping|HTML5.Build.0 = BuiltWithUnrealBuildTool|Win32
		{A914D8DA-06FA-414E-966D-2142A97BFAAE}.Shipping|Win32.ActiveCfg = BuiltWithUnrealBuildTool|Win32
		{A914D8DA-06FA-414E-966D-2142A97BFAAE}.Shipping|Win32.Build.0 = BuiltWithUnrealBuildTool|Win32
		{A914D8DA-06FA-414E-966D-2142A97BFAAE}.Shipping|Win64.ActiveCfg = BuiltWithUnrealBuildTool|Win32
		{A914D8DA-06FA-414E-966D-2142A97BFAAE}.Shipping|Win64.Build.0 = BuiltWithUnrealBuildTool|Win32
		{4367C46C-D95E-4A7E-8C10-D5F7EACA8795}.DebugGame Editor|HTML5.ActiveCfg = BuiltWithUnrealBuildTool|Win32
		{4367C46C-D95E-4A7E-8C10-D5F7EACA8795}.DebugGame Editor|HTML5.Build.0 = BuiltWithUnrealBuildTool|Win32
		{4367C46C-D95E-4A7E-8C10-D5F7EACA8795}.DebugGame Editor|Win32.ActiveCfg = BuiltWithUnrealBuildTool|Win32
		{4367C46C-D95E-4A7E-8C10-D5F7EACA8795}.DebugGame Editor|Win32.Build.0 = BuiltWithUnrealBuildTool|Win32
		{4367C46C-D95E-4A7E-8C10-D5F7EACA8795}.DebugGame Editor|Win64.ActiveCfg = BuiltWithUnrealBuildTool|Win32
		{4367C46C-D95E-4A7E-8C10-D5F7EACA8795}.DebugGame Editor|Win64.Build.0 = BuiltWithUnrealBuildTool|Win32
		{4367C46C-D95E-4A7E-8C10-D5F7EACA8795}.DebugGame|HTML5.ActiveCfg = BuiltWithUnrealBuildTool|Win32
		{4367C46C-D95E-4A7E-8C10-D5F7EACA8795}.DebugGame|HTML5.Build.0 = BuiltWithUnrealBuildTool|Win32
		{4367C46C-D95E-4A7E-8C10-D5F7EACA8795}.DebugGame|Win32.ActiveCfg = BuiltWithUnrealBuildTool|Win32
		{4367C46C-D95E-4A7E-8C10-D5F7EACA8795}.DebugGame|Win32.Build.0 = BuiltWithUnrealBuildTool|Win32
		{4367C46C-D95E-4A7E-8C10-D5F7EACA8795}.DebugGame|Win64.ActiveCfg = BuiltWithUnrealBuildTool|Win32
		{4367C46C-D95E-4A7E-8C10-D5F7EACA8795}.DebugGame|Win64.Build.0 = BuiltWithUnrealBuildTool|Win32
		{4367C46C-D95E-4A7E-8C10-D5F7EACA8795}.Development Editor|HTML5.ActiveCfg = BuiltWithUnrealBuildTool|Win32
		{4367C46C-D95E-4A7E-8C10-D5F7EACA8795}.Development Editor|HTML5.Build.0 = BuiltWithUnrealBuildTool|Win32
		{4367C46C-D95E-4A7E-8C10-D5F7EACA8795}.Development Editor|Win32.ActiveCfg = BuiltWithUnrealBuildTool|Win32
		{4367C46C-D95E-4A7E-8C10-D5F7EACA8795}.Development Editor|Win32.Build.0 = BuiltWithUnrealBuildTool|Win32
		{4367C46C-D95E-4A7E-8C10-D5F7EACA8795}.Development Editor|Win64.ActiveCfg = BuiltWithUnrealBuildTool|Win32
		{4367C46C-D95E-4A7E-8C10-D5F7EACA8795}.Development Editor|Win64.Build.0 = BuiltWithUnrealBuildTool|Win32
		{4367C46C-D95E-4A7E-8C10-D5F7EACA8795}.Development|HTML5.ActiveCfg = BuiltWithUnrealBuildTool|Win32
		{4367C46C-D95E-4A7E-8C10-D5F7EACA8795}.Development|HTML5.Build.0 = BuiltWithUnrealBuildTool|Win32
		{4367C46C-D95E-4A7E-8C10-D5F7EACA8795}.Development|Win32.ActiveCfg = BuiltWithUnrealBuildTool|Win32
		{4367C46C-D95E-4A7E-8C10-D5F7EACA8795}.Development|Win32.Build.0 = BuiltWithUnrealBuildTool|Win32
		{4367C46C-D95E-4A7E-8C10-D5F7EACA8795}.Development|Win64.ActiveCfg = BuiltWithUnrealBuildTool|Win32
		{4367C46C-D95E-4A7E-8C10-D5F7EACA8795}.Development|Win64.Build.0 = BuiltWithUnrealBuildTool|Win32
		{4367C46C-D95E-4A7E-8C10-D5F7EACA8795}.Shipping|HTML5.ActiveCfg = BuiltWithUnrealBuildTool|Win32
		{4367C46C-D95E-4A7E-8C10-D5F7EACA8795}.Shipping|HTML5.Build.0 = BuiltWithUnrealBuildTool|Win32
		{4367C46C-D95E-4A7E-8C10-D5F7EACA8795}.Shipping|Win32.ActiveCfg = BuiltWithUnrealBuildTool|Win32
		{4367C46C-D95E-4A7E-8C10-D5F7EACA8795}.Shipping|Win32.Build.0 = BuiltWithUnrealBuildTool|Win32
		{4367C46C-D95E-4A7E-8C10-D5F7EACA8795}.Shipping|Win64.ActiveCfg = BuiltWithUnrealBuildTool|Win32
		{4367C46C-D95E-4A7E-8C10-D5F7EACA8795}.Shipping|Win64.Build.0 = BuiltWithUnrealBuildTool|Win32
		{64FCA950-8152-477F-866F-9B5D9CAFB900}.DebugGame Editor|HTML5.ActiveCfg = HTML5_DebugGame_Editor|Win32
		{64FCA950-8152-477F-866F-9B5D9CAFB900}.DebugGame Editor|Win32.ActiveCfg = DebugGame_Editor|Win32
		{64FCA950-8152-477F-866F-9B5D9CAFB900}.DebugGame Editor|Win64.ActiveCfg = DebugGame_Editor|x64
		{64FCA950-8152-477F-866F-9B5D9CAFB900}.DebugGame Editor|Win64.Build.0 = DebugGame_Editor|x64
		{64FCA950-8152-477F-866F-9B5D9CAFB900}.DebugGame|HTML5.ActiveCfg = HTML5_DebugGame_Game|Win32
		{64FCA950-8152-477F-866F-9B5D9CAFB900}.DebugGame|HTML5.Build.0 = HTML5_DebugGame_Game|Win32
		{64FCA950-8152-477F-866F-9B5D9CAFB900}.DebugGame|Win32.ActiveCfg = DebugGame_Game|Win32
		{64FCA950-8152-477F-866F-9B5D9CAFB900}.DebugGame|Win32.Build.0 = DebugGame_Game|Win32
		{64FCA950-8152-477F-866F-9B5D9CAFB900}.DebugGame|Win64.ActiveCfg = DebugGame_Game|x64
		{64FCA950-8152-477F-866F-9B5D9CAFB900}.DebugGame|Win64.Build.0 = DebugGame_Game|x64
		{64FCA950-8152-477F-866F-9B5D9CAFB900}.Development Editor|HTML5.ActiveCfg = HTML5_Development_Editor|Win32
		{64FCA950-8152-477F-866F-9B5D9CAFB900}.Development Editor|Win32.ActiveCfg = Development_Editor|Win32
		{64FCA950-8152-477F-866F-9B5D9CAFB900}.Development Editor|Win64.ActiveCfg = Development_Editor|x64
		{64FCA950-8152-477F-866F-9B5D9CAFB900}.Development Editor|Win64.Build.0 = Development_Editor|x64
		{64FCA950-8152-477F-866F-9B5D9CAFB900}.Development|HTML5.ActiveCfg = HTML5_Development_Game|Win32
		{64FCA950-8152-477F-866F-9B5D9CAFB900}.Development|HTML5.Build.0 = HTML5_Development_Game|Win32
		{64FCA950-8152-477F-866F-9B5D9CAFB900}.Development|Win32.ActiveCfg = Development_Game|Win32
		{64FCA950-8152-477F-866F-9B5D9CAFB900}.Development|Win32.Build.0 = Development_Game|Win32
		{64FCA950-8152-477F-866F-9B5D9CAFB900}.Development|Win64.ActiveCfg = Development_Game|x64
		{64FCA950-8152-477F-866F-9B5D9CAFB900}.Development|Win64.Build.0 = Development_Game|x64
		{64FCA950-8152-477F-866F-9B5D9CAFB900}.Shipping|HTML5.ActiveCfg = HTML5_Shipping_Game|Win32
		{64FCA950-8152-477F-866F-9B5D9CAFB900}.Shipping|HTML5.Build.0 = HTML5_Shipping_Game|Win32
		{64FCA950-8152-477F-866F-9B5D9CAFB900}.Shipping|Win32.ActiveCfg = Shipping_Game|Win32
		{64FCA950-8152-477F-866F-9B5D9CAFB900}.Shipping|Win32.Build.0 = Shipping_Game|Win32
		{64FCA950-8152-477F-866F-9B5D9CAFB900}.Shipping|Win64.ActiveCfg = Shipping_Game|x64
		{64FCA950-8152-477F-866F-9B5D9CAFB900}.Shipping|Win64.Build.0 = Shipping_Game|x64
	EndGlobalSection
	GlobalSection(SolutionProperties) = preSolution
		HideSolutionNode = FALSE
	EndGlobalSection
	GlobalSection(NestedProjects) = preSolution
		{A914D8DA-06FA-414E-966D-2142A97BFAAE} = {02DA5908-012B-40F4-92BA-0EA02C20F28E}
		{4367C46C-D95E-4A7E-8C10-D5F7EACA8795} = {AA3BE837-7BA1-482A-AB2D-8BBFA9C2BD1A}
		{64FCA950-8152-477F-866F-9B5D9CAFB900} = {1748400C-8BF2-4EC3-94DE-1338BD138F35}
	EndGlobalSection
	GlobalSection(ExtensibilityGlobals) = postSolution
		SolutionGuid = {7CC7C960-56BF-465A-B037-982101FF8673}
	EndGlobalSection
EndGlobal
